
Microsoft Visual Studio Solution File, Format Version 12.00
# Visual Studio Version 17
VisualStudioVersion = 17.10.34928.147
MinimumVisualStudioVersion = 10.0.40219.1
Project("{FAE04EC0-301F-11D3-BF4B-00C04F79EFBC}") = "ParadisePromotions", "ParadisePromotions.csproj", "{1A28A0C3-5FE6-4228-9762-871795BA0E53}"
EndProject
Global
	GlobalSection(SolutionConfigurationPlatforms) = preSolution
		Debug|Any CPU = Debug|Any CPU
		Release|Any CPU = Release|Any CPU
	EndGlobalSection
	GlobalSection(ProjectConfigurationPlatforms) = postSolution
		{1A28A0C3-5FE6-4228-9762-871795BA0E53}.Debug|Any CPU.ActiveCfg = Debug|Any CPU
		{1A28A0C3-5FE6-4228-9762-871795BA0E53}.Debug|Any CPU.Build.0 = Debug|Any CPU
		{1A28A0C3-5FE6-4228-9762-871795BA0E53}.Release|Any CPU.ActiveCfg = Release|Any CPU
		{1A28A0C3-5FE6-4228-9762-871795BA0E53}.Release|Any CPU.Build.0 = Release|Any CPU
	EndGlobalSection
	GlobalSection(SolutionProperties) = preSolution
		HideSolutionNode = FALSE
	EndGlobalSection
	GlobalSection(ExtensibilityGlobals) = postSolution
		SolutionGuid = {5E819804-32C1-430B-A242-D2B4D877085F}
	EndGlobalSection
EndGlobal
